
Microsoft Visual Studio Solution File, Format Version 12.00
# Visual Studio Version 17
VisualStudioVersion = 17.5.002.0
MinimumVisualStudioVersion = 10.0.40219.1
Project("{9A19103F-16F7-4668-BE54-9A1E7A4F7556}") = "PrepareHardcore", "PrepareHardcore\PrepareHardcore.csproj", "{A8C0A690-79D5-4402-A9E2-41E9D0798368}"
EndProject
Global
	GlobalSection(SolutionConfigurationPlatforms) = preSolution
		Debug|Any CPU = Debug|Any CPU
		Release|Any CPU = Release|Any CPU
	EndGlobalSection
	GlobalSection(ProjectConfigurationPlatforms) = postSolution
		{A8C0A690-79D5-4402-A9E2-41E9D0798368}.Debug|Any CPU.ActiveCfg = Debug|Any CPU
		{A8C0A690-79D5-4402-A9E2-41E9D0798368}.Debug|Any CPU.Build.0 = Debug|Any CPU
		{A8C0A690-79D5-4402-A9E2-41E9D0798368}.Release|Any CPU.ActiveCfg = Release|Any CPU
		{A8C0A690-79D5-4402-A9E2-41E9D0798368}.Release|Any CPU.Build.0 = Release|Any CPU
	EndGlobalSection
	GlobalSection(SolutionProperties) = preSolution
		HideSolutionNode = FALSE
	EndGlobalSection
	GlobalSection(ExtensibilityGlobals) = postSolution
		SolutionGuid = {4D83DB65-A760-42B8-911E-4C143452EEF8}
	EndGlobalSection
EndGlobal
